<?xml version="1.0" encoding="utf-8"?>
<Project ToolsVersion="4.0" xmlns="http://schemas.microsoft.com/developer/msbuild/2003">
  <ItemGroup>
    <Filter Include="resource">
      <UniqueIdentifier>{b9fdc287-948e-4532-a572-e6ec9d0938be}</UniqueIdentifier>
      <Extensions>rc;ico;cur;bmp;dlg;rc2;rct;bin;rgs;jpg;jpeg;jpe;png;manifest</Extensions>
    </Filter>
    <Filter Include="Classes">
      <UniqueIdentifier>{d4d586de-fcc0-47e1-9474-a08a06948d35}</UniqueIdentifier>
    </Filter>
    <Filter Include="Classes\artemis">
      <UniqueIdentifier>{e4cd9eaa-236c-487c-9e5c-a8abed60668d}</UniqueIdentifier>
    </Filter>
    <Filter Include="Classes\systems">
      <UniqueIdentifier>{011acfeb-1ceb-4230-9e39-002bc2645cd8}</UniqueIdentifier>
    </Filter>
    <Filter Include="Classes\components">
      <UniqueIdentifier>{3f7ed619-6ee6-417c-9569-f84555e86372}</UniqueIdentifier>
    </Filter>
  </ItemGroup>
  <ItemGroup>
    <None Include="res\NastyBirds.ico">
      <Filter>resource</Filter>
    </None>
    <None Include="..\Resources\CloseSelected.png">
      <Filter>resource</Filter>
    </None>
    <None Include="..\Resources\CloseNormal.png">
      <Filter>resource</Filter>
    </None>
    <None Include="..\Resources\HelloWorld.png">
      <Filter>resource</Filter>
    </None>
    <None Include="..\Resources\fps_images.png">
      <Filter>resource</Filter>
    </None>
    <None Include="..\Resources\fps_images-hd.png">
      <Filter>resource</Filter>
    </None>
    <None Include="..\Resources\fps_images-ipadhd.png">
      <Filter>resource</Filter>
    </None>
    <None Include="..\Resources\cloud2.png">
      <Filter>resource</Filter>
    </None>
    <None Include="..\Resources\cloud3.png">
      <Filter>resource</Filter>
    </None>
    <None Include="..\Resources\continuegame.png">
      <Filter>resource</Filter>
    </None>
    <None Include="..\Resources\fallingBird.png">
      <Filter>resource</Filter>
    </None>
    <None Include="..\Resources\finder.png">
      <Filter>resource</Filter>
    </None>
    <None Include="..\Resources\fireflies2.png">
      <Filter>resource</Filter>
    </None>
    <None Include="..\Resources\font1.ttf">
      <Filter>resource</Filter>
    </None>
    <None Include="..\Resources\foreground.png">
      <Filter>resource</Filter>
    </None>
    <None Include="..\Resources\foreground1.png">
      <Filter>resource</Filter>
    </None>
    <None Include="..\Resources\foreground2.png">
      <Filter>resource</Filter>
    </None>
    <None Include="..\Resources\gameSceneBackgroundMusic.mp3">
      <Filter>resource</Filter>
    </None>
    <None Include="..\Resources\gameSceneBackgroundMusic.wav">
      <Filter>resource</Filter>
    </None>
    <None Include="..\Resources\gun.png">
      <Filter>resource</Filter>
    </None>
    <None Include="..\Resources\gun2.png">
      <Filter>resource</Filter>
    </None>
    <None Include="..\Resources\highscore.png">
      <Filter>resource</Filter>
    </None>
    <None Include="..\Resources\howtoplay.png">
      <Filter>resource</Filter>
    </None>
    <None Include="..\Resources\howtoplayBackground.png">
      <Filter>resource</Filter>
    </None>
    <None Include="..\Resources\icon_game.png">
      <Filter>resource</Filter>
    </None>
    <None Include="..\Resources\killerBeeAttackImage.png">
      <Filter>resource</Filter>
    </None>
    <None Include="..\Resources\killerBeeAttackText.png">
      <Filter>resource</Filter>
    </None>
    <None Include="..\Resources\lion.png">
      <Filter>resource</Filter>
    </None>
    <None Include="..\Resources\lionRoar.mp3">
      <Filter>resource</Filter>
    </None>
    <None Include="..\Resources\lionRoarBackground.plist">
      <Filter>resource</Filter>
    </None>
    <None Include="..\Resources\lionRoarBackground.png">
      <Filter>resource</Filter>
    </None>
    <None Include="..\Resources\lionRoarBackground-1.png">
      <Filter>resource</Filter>
    </None>
    <None Include="..\Resources\lionRoarButton.png">
      <Filter>resource</Filter>
    </None>
    <None Include="..\Resources\lionRoarChibi.png">
      <Filter>resource</Filter>
    </None>
    <None Include="..\Resources\lionRoarImage.png">
      <Filter>resource</Filter>
    </None>
    <None Include="..\Resources\lionRoarText.png">
      <Filter>resource</Filter>
    </None>
    <None Include="..\Resources\menu_quit.png">
      <Filter>resource</Filter>
    </None>
    <None Include="..\Resources\menu_reset.png">
      <Filter>resource</Filter>
    </None>
    <None Include="..\Resources\menu_resume.png">
      <Filter>resource</Filter>
    </None>
    <None Include="..\Resources\mvboli.ttf">
      <Filter>resource</Filter>
    </None>
    <None Include="..\Resources\newgame.png">
      <Filter>resource</Filter>
    </None>
    <None Include="..\Resources\projectileBackground.png">
      <Filter>resource</Filter>
    </None>
    <None Include="..\Resources\shit.png">
      <Filter>resource</Filter>
    </None>
    <None Include="..\Resources\sight.png">
      <Filter>resource</Filter>
    </None>
    <None Include="..\Resources\SkillShade.plist">
      <Filter>resource</Filter>
    </None>
    <None Include="..\Resources\SkillShade.png">
      <Filter>resource</Filter>
    </None>
    <None Include="..\Resources\SkillShade-1.png">
      <Filter>resource</Filter>
    </None>
    <None Include="..\Resources\smallStar.png">
      <Filter>resource</Filter>
    </None>
    <None Include="..\Resources\snake.png">
      <Filter>resource</Filter>
    </None>
    <None Include="..\Resources\snakeBody.png">
      <Filter>resource</Filter>
    </None>
    <None Include="..\Resources\soap.png">
      <Filter>resource</Filter>
    </None>
    <None Include="..\Resources\soap-die.png">
      <Filter>resource</Filter>
    </None>
    <None Include="..\Resources\stone.png">
      <Filter>resource</Filter>
    </None>
    <None Include="..\Resources\watermelon.png">
      <Filter>resource</Filter>
    </None>
    <None Include="..\Resources\watermelonSlice.png">
      <Filter>resource</Filter>
    </None>
    <None Include="..\Resources\back.png">
      <Filter>resource</Filter>
    </None>
    <None Include="..\Resources\background.png">
      <Filter>resource</Filter>
    </None>
    <None Include="..\Resources\backgroundGameScene.png">
      <Filter>resource</Filter>
    </None>
    <None Include="..\Resources\backgroundMusic.mp3">
      <Filter>resource</Filter>
    </None>
    <None Include="..\Resources\backgroundMusic.wav">
      <Filter>resource</Filter>
    </None>
    <None Include="..\Resources\bee.png">
      <Filter>resource</Filter>
    </None>
    <None Include="..\Resources\beehive.png">
      <Filter>resource</Filter>
    </None>
    <None Include="..\Resources\beeStingButton.png">
      <Filter>resource</Filter>
    </None>
    <None Include="..\Resources\bird.plist">
      <Filter>resource</Filter>
    </None>
    <None Include="..\Resources\bird.png">
      <Filter>resource</Filter>
    </None>
    <None Include="..\Resources\bird-1.png">
      <Filter>resource</Filter>
    </None>
    <None Include="..\Resources\birdSound.wav">
      <Filter>resource</Filter>
    </None>
    <None Include="..\Resources\board.png">
      <Filter>resource</Filter>
    </None>
    <None Include="..\Resources\bomb.png">
      <Filter>resource</Filter>
    </None>
    <None Include="..\Resources\bushLeft.png">
      <Filter>resource</Filter>
    </None>
    <None Include="..\Resources\bushRight.png">
      <Filter>resource</Filter>
    </None>
    <None Include="..\Resources\cloud1.png">
      <Filter>resource</Filter>
    </None>
  </ItemGroup>
  <ItemGroup>
    <ResourceCompile Include="NastyBirds.rc">
      <Filter>resource</Filter>
    </ResourceCompile>
  </ItemGroup>
  <ItemGroup>
    <ClCompile Include="..\Classes\artemis\GroupManager.cpp">
      <Filter>Classes\artemis</Filter>
    </ClCompile>
    <ClCompile Include="..\Classes\artemis\SystemBitManager.cpp">
      <Filter>Classes\artemis</Filter>
    </ClCompile>
    <ClCompile Include="..\Classes\artemis\SystemManager.cpp">
      <Filter>Classes\artemis</Filter>
    </ClCompile>
    <ClCompile Include="..\Classes\artemis\TagManager.cpp">
      <Filter>Classes\artemis</Filter>
    </ClCompile>
    <ClCompile Include="..\Classes\artemis\World.cpp">
      <Filter>Classes\artemis</Filter>
    </ClCompile>
    <ClCompile Include="..\Classes\artemis\Component.cpp">
      <Filter>Classes\artemis</Filter>
    </ClCompile>
    <ClCompile Include="..\Classes\artemis\ComponentType.cpp">
      <Filter>Classes\artemis</Filter>
    </ClCompile>
    <ClCompile Include="..\Classes\artemis\ComponentTypeManager.cpp">
      <Filter>Classes\artemis</Filter>
    </ClCompile>
    <ClCompile Include="..\Classes\artemis\DelayedEntityProcessingSystem.cpp">
      <Filter>Classes\artemis</Filter>
    </ClCompile>
    <ClCompile Include="..\Classes\artemis\DelayedEntitySystem.cpp">
      <Filter>Classes\artemis</Filter>
    </ClCompile>
    <ClCompile Include="..\Classes\artemis\Entity.cpp">
      <Filter>Classes\artemis</Filter>
    </ClCompile>
    <ClCompile Include="..\Classes\artemis\EntityManager.cpp">
      <Filter>Classes\artemis</Filter>
    </ClCompile>
    <ClCompile Include="..\Classes\artemis\EntityProcessingSystem.cpp">
      <Filter>Classes\artemis</Filter>
    </ClCompile>
    <ClCompile Include="..\Classes\artemis\EntitySystem.cpp">
      <Filter>Classes\artemis</Filter>
    </ClCompile>
    <ClCompile Include="..\Classes\systems\OnScreenBoundarySystem.cpp">
      <Filter>Classes\systems</Filter>
    </ClCompile>
    <ClCompile Include="..\Classes\systems\PhysicalSystem.cpp">
      <Filter>Classes\systems</Filter>
    </ClCompile>
    <ClCompile Include="..\Classes\systems\PlayerControllerSystem.cpp">
      <Filter>Classes\systems</Filter>
    </ClCompile>
    <ClCompile Include="..\Classes\systems\ReleaseShitSystem.cpp">
      <Filter>Classes\systems</Filter>
    </ClCompile>
    <ClCompile Include="..\Classes\systems\CollisionSystem.cpp">
      <Filter>Classes\systems</Filter>
    </ClCompile>
    <ClCompile Include="..\Classes\systems\LionRoarSkillSystem.cpp">
      <Filter>Classes\systems</Filter>
    </ClCompile>
    <ClCompile Include="..\Classes\systems\MovementSystem.cpp">
      <Filter>Classes\systems</Filter>
    </ClCompile>
    <ClCompile Include="..\Classes\components\GraphicComponent.cpp">
      <Filter>Classes\components</Filter>
    </ClCompile>
    <ClCompile Include="..\Classes\components\HeathComponent.cpp">
      <Filter>Classes\components</Filter>
    </ClCompile>
    <ClCompile Include="..\Classes\components\LionFollowedComponent.cpp">
      <Filter>Classes\components</Filter>
    </ClCompile>
    <ClCompile Include="..\Classes\components\PhysicalComponent.cpp">
      <Filter>Classes\components</Filter>
    </ClCompile>
    <ClCompile Include="..\Classes\components\ScoreComponent.cpp">
      <Filter>Classes\components</Filter>
    </ClCompile>
    <ClCompile Include="..\Classes\components\SnakeFollowedComponent.cpp">
      <Filter>Classes\components</Filter>
    </ClCompile>
    <ClCompile Include="..\Classes\components\VelocityComponent.cpp">
      <Filter>Classes\components</Filter>
    </ClCompile>
    <ClCompile Include="..\Classes\components\DamageComponent.cpp">
      <Filter>Classes\components</Filter>
    </ClCompile>
    <ClCompile Include="..\Classes\components\FinderFollowedComponent.cpp">
      <Filter>Classes\components</Filter>
    </ClCompile>
    <ClCompile Include="..\Classes\AppDelegate.cpp">
      <Filter>Classes</Filter>
    </ClCompile>
    <ClCompile Include="..\Classes\Database.cpp">
      <Filter>Classes</Filter>
    </ClCompile>
    <ClCompile Include="..\Classes\EndGameScene.cpp">
      <Filter>Classes</Filter>
    </ClCompile>
    <ClCompile Include="..\Classes\EntityFactory.cpp">
      <Filter>Classes</Filter>
    </ClCompile>
    <ClCompile Include="..\Classes\GamePlayScene.cpp">
      <Filter>Classes</Filter>
    </ClCompile>
    <ClCompile Include="..\Classes\HighScoreLayer.cpp">
      <Filter>Classes</Filter>
    </ClCompile>
    <ClCompile Include="..\Classes\HowToPlayScene.cpp">
      <Filter>Classes</Filter>
    </ClCompile>
    <ClCompile Include="..\Classes\InsideMenu.cpp">
      <Filter>Classes</Filter>
    </ClCompile>
    <ClCompile Include="..\Classes\MainMenuLayer.cpp">
      <Filter>Classes</Filter>
    </ClCompile>
    <ClCompile Include="main.cpp">
      <Filter>Classes</Filter>
    </ClCompile>
  </ItemGroup>
  <ItemGroup>
    <ClInclude Include="..\Classes\artemis\GroupManager.h">
      <Filter>Classes\artemis</Filter>
    </ClInclude>
    <ClInclude Include="..\Classes\artemis\ImmutableBag.h">
      <Filter>Classes\artemis</Filter>
    </ClInclude>
    <ClInclude Include="..\Classes\artemis\SystemBitManager.h">
      <Filter>Classes\artemis</Filter>
    </ClInclude>
    <ClInclude Include="..\Classes\artemis\SystemManager.h">
      <Filter>Classes\artemis</Filter>
    </ClInclude>
    <ClInclude Include="..\Classes\artemis\TagManager.h">
      <Filter>Classes\artemis</Filter>
    </ClInclude>
    <ClInclude Include="..\Classes\artemis\TypeInfoComparator.h">
      <Filter>Classes\artemis</Filter>
    </ClInclude>
    <ClInclude Include="..\Classes\artemis\World.h">
      <Filter>Classes\artemis</Filter>
    </ClInclude>
    <ClInclude Include="..\Classes\artemis\BitSize.h">
      <Filter>Classes\artemis</Filter>
    </ClInclude>
    <ClInclude Include="..\Classes\artemis\Component.h">
      <Filter>Classes\artemis</Filter>
    </ClInclude>
    <ClInclude Include="..\Classes\artemis\ComponentMapper.h">
      <Filter>Classes\artemis</Filter>
    </ClInclude>
    <ClInclude Include="..\Classes\artemis\ComponentType.h">
      <Filter>Classes\artemis</Filter>
    </ClInclude>
    <ClInclude Include="..\Classes\artemis\ComponentTypeManager.h">
      <Filter>Classes\artemis</Filter>
    </ClInclude>
    <ClInclude Include="..\Classes\artemis\DelayedEntityProcessingSystem.h">
      <Filter>Classes\artemis</Filter>
    </ClInclude>
    <ClInclude Include="..\Classes\artemis\DelayedEntitySystem.h">
      <Filter>Classes\artemis</Filter>
    </ClInclude>
    <ClInclude Include="..\Classes\artemis\Entity.h">
      <Filter>Classes\artemis</Filter>
    </ClInclude>
    <ClInclude Include="..\Classes\artemis\EntityManager.h">
      <Filter>Classes\artemis</Filter>
    </ClInclude>
    <ClInclude Include="..\Classes\artemis\EntityProcessingSystem.h">
      <Filter>Classes\artemis</Filter>
    </ClInclude>
    <ClInclude Include="..\Classes\artemis\EntitySystem.h">
      <Filter>Classes\artemis</Filter>
    </ClInclude>
    <ClInclude Include="..\Classes\systems\OnScreenBoundarySystem.h">
      <Filter>Classes\systems</Filter>
    </ClInclude>
    <ClInclude Include="..\Classes\systems\PhysicalSystem.h">
      <Filter>Classes\systems</Filter>
    </ClInclude>
    <ClInclude Include="..\Classes\systems\PlayerControllerSystem.h">
      <Filter>Classes\systems</Filter>
    </ClInclude>
    <ClInclude Include="..\Classes\systems\ReleaseShitSystem.h">
      <Filter>Classes\systems</Filter>
    </ClInclude>
    <ClInclude Include="..\Classes\systems\CollisionSystem.h">
      <Filter>Classes\systems</Filter>
    </ClInclude>
    <ClInclude Include="..\Classes\systems\LionRoarSkillSystem.h">
      <Filter>Classes\systems</Filter>
    </ClInclude>
    <ClInclude Include="..\Classes\systems\MovementSystem.h">
      <Filter>Classes\systems</Filter>
    </ClInclude>
    <ClInclude Include="..\Classes\components\GraphicComponent.h">
      <Filter>Classes\components</Filter>
    </ClInclude>
    <ClInclude Include="..\Classes\components\HeathComponent.h">
      <Filter>Classes\components</Filter>
    </ClInclude>
    <ClInclude Include="..\Classes\components\LionFollowedComponent.h">
      <Filter>Classes\components</Filter>
    </ClInclude>
    <ClInclude Include="..\Classes\components\LionRoarSkillComponent.h">
      <Filter>Classes\components</Filter>
    </ClInclude>
    <ClInclude Include="..\Classes\components\OnScreenBoundaryComponent.h">
      <Filter>Classes\components</Filter>
    </ClInclude>
    <ClInclude Include="..\Classes\components\PhysicalComponent.h">
      <Filter>Classes\components</Filter>
    </ClInclude>
    <ClInclude Include="..\Classes\components\ReleaseShitComponent.h">
      <Filter>Classes\components</Filter>
    </ClInclude>
    <ClInclude Include="..\Classes\components\ScoreComponent.h">
      <Filter>Classes\components</Filter>
    </ClInclude>
    <ClInclude Include="..\Classes\components\SnakeFollowedComponent.h">
      <Filter>Classes\components</Filter>
    </ClInclude>
    <ClInclude Include="..\Classes\components\VelocityComponent.h">
      <Filter>Classes\components</Filter>
    </ClInclude>
    <ClInclude Include="..\Classes\components\DamageComponent.h">
      <Filter>Classes\components</Filter>
    </ClInclude>
    <ClInclude Include="..\Classes\components\DefaultPositionComponent.h">
      <Filter>Classes\components</Filter>
    </ClInclude>
    <ClInclude Include="..\Classes\components\FinderFollowedComponent.h">
      <Filter>Classes\components</Filter>
    </ClInclude>
    <ClInclude Include="..\Classes\AppDelegate.h">
      <Filter>Classes</Filter>
    </ClInclude>
    <ClInclude Include="..\Classes\Constants.h">
      <Filter>Classes</Filter>
    </ClInclude>
    <ClInclude Include="..\Classes\Database.h">
      <Filter>Classes</Filter>
    </ClInclude>
    <ClInclude Include="..\Classes\EndGameScene.h">
      <Filter>Classes</Filter>
    </ClInclude>
    <ClInclude Include="..\Classes\EntityFactory.h">
      <Filter>Classes</Filter>
    </ClInclude>
    <ClInclude Include="..\Classes\GamePlayScene.h">
      <Filter>Classes</Filter>
    </ClInclude>
    <ClInclude Include="..\Classes\HighScoreLayer.h">
      <Filter>Classes</Filter>
    </ClInclude>
    <ClInclude Include="..\Classes\HowToPlayScene.h">
      <Filter>Classes</Filter>
    </ClInclude>
    <ClInclude Include="..\Classes\InsideMenu.h">
      <Filter>Classes</Filter>
    </ClInclude>
    <ClInclude Include="..\Classes\MainMenuLayer.h">
      <Filter>Classes</Filter>
    </ClInclude>
    <ClInclude Include="main.h">
      <Filter>Classes</Filter>
    </ClInclude>
    <ClInclude Include="resource.h">
      <Filter>Classes</Filter>
    </ClInclude>
  </ItemGroup>
</Project>